# This file is automatically @generated by Poetry 1.6.1 and should not be changed by hand.

[[package]]
name = "aiomqtt"
version = "1.2.1"
description = "The idiomatic asyncio MQTT client, wrapped around paho-mqtt"
optional = false
python-versions = ">=3.8,<4.0"
files = [
    {file = "aiomqtt-1.2.1-py3-none-any.whl", hash = "sha256:3925b40b2b95b1905753d53ef3a9162e903cfab35ebe9647ab4d52e45ffb727f"},
    {file = "aiomqtt-1.2.1.tar.gz", hash = "sha256:7582f4341f08ef7110dd9ab3a559454dc28ccda1eac502ff8f08a73b238ecede"},
]

[package.dependencies]
paho-mqtt = ">=1.6.0,<2.0.0"

[[package]]
name = "paho-mqtt"
version = "1.6.1"
description = "MQTT version 5.0/3.1.1 client class"
optional = false
python-versions = "*"
files = [
    {file = "paho-mqtt-1.6.1.tar.gz", hash = "sha256:2a8291c81623aec00372b5a85558a372c747cbca8e9934dfe218638b8eefc26f"},
]

[package.extras]
proxy = ["PySocks"]

[metadata]
lock-version = "2.0"
python-versions = "^3.11"
content-hash = "81d13103b0086b98ac7028e2a2b28cd7c3b3f03f59c0a1c5928803b219e0a01f"
